
Microsoft Visual Studio Solution File, Format Version 12.00
# Visual Studio Version 17
VisualStudioVersion = 17.5.33530.505
MinimumVisualStudioVersion = 10.0.40219.1
Project("{FAE04EC0-301F-11D3-BF4B-00C04F79EFBC}") = "crudBasicoRazor", "crudBasicoRazor\crudBasicoRazor.csproj", "{5671FB14-3D3E-46E2-A1C5-B8BAA5EB02BA}"
EndProject
Project("{FAE04EC0-301F-11D3-BF4B-00C04F79EFBC}") = "DAL", "DAL\DAL.csproj", "{033FD6DB-777E-49BD-BE67-FBCA2662CC62}"
EndProject
Global
	GlobalSection(SolutionConfigurationPlatforms) = preSolution
		Debug|Any CPU = Debug|Any CPU
		Release|Any CPU = Release|Any CPU
	EndGlobalSection
	GlobalSection(ProjectConfigurationPlatforms) = postSolution
		{5671FB14-3D3E-46E2-A1C5-B8BAA5EB02BA}.Debug|Any CPU.ActiveCfg = Debug|Any CPU
		{5671FB14-3D3E-46E2-A1C5-B8BAA5EB02BA}.Debug|Any CPU.Build.0 = Debug|Any CPU
		{5671FB14-3D3E-46E2-A1C5-B8BAA5EB02BA}.Release|Any CPU.ActiveCfg = Release|Any CPU
		{5671FB14-3D3E-46E2-A1C5-B8BAA5EB02BA}.Release|Any CPU.Build.0 = Release|Any CPU
		{033FD6DB-777E-49BD-BE67-FBCA2662CC62}.Debug|Any CPU.ActiveCfg = Debug|Any CPU
		{033FD6DB-777E-49BD-BE67-FBCA2662CC62}.Debug|Any CPU.Build.0 = Debug|Any CPU
		{033FD6DB-777E-49BD-BE67-FBCA2662CC62}.Release|Any CPU.ActiveCfg = Release|Any CPU
		{033FD6DB-777E-49BD-BE67-FBCA2662CC62}.Release|Any CPU.Build.0 = Release|Any CPU
	EndGlobalSection
	GlobalSection(SolutionProperties) = preSolution
		HideSolutionNode = FALSE
	EndGlobalSection
	GlobalSection(ExtensibilityGlobals) = postSolution
		SolutionGuid = {78C396B0-C125-4490-9673-4384047442B4}
	EndGlobalSection
EndGlobal
